// !$*UTF8*$!
{
	archiveVersion = 1;
	classes = {
	};
	objectVersion = 46;
	objects = {

/* Begin PBXBuildFile section */
		5507E6C618C99EAC003B84C4 /* NSBundle+TDExtensions.m in Sources */ = {isa = PBXBuildFile; fileRef = 5507E6C118C99EAC003B84C4 /* NSBundle+TDExtensions.m */; };
		5507E6C718C99EAC003B84C4 /* NSObject+TDExtensions.m in Sources */ = {isa = PBXBuildFile; fileRef = 5507E6C318C99EAC003B84C4 /* NSObject+TDExtensions.m */; };
		5507E6C818C99EAC003B84C4 /* NSString+TDExtensions.m in Sources */ = {isa = PBXBuildFile; fileRef = 5507E6C518C99EAC003B84C4 /* NSString+TDExtensions.m */; };
		5507E6CC18C99F30003B84C4 /* UITableView+TDExtensions.m in Sources */ = {isa = PBXBuildFile; fileRef = 5507E6CB18C99F30003B84C4 /* UITableView+TDExtensions.m */; };
		5507E6D018C9A005003B84C4 /* TDTableCell.m in Sources */ = {isa = PBXBuildFile; fileRef = 5507E6CF18C9A005003B84C4 /* TDTableCell.m */; };
		5507E6D218C9A02B003B84C4 /* TDTableCell.xib in Resources */ = {isa = PBXBuildFile; fileRef = 5507E6D118C9A02B003B84C4 /* TDTableCell.xib */; };
		5507E6D518C9A362003B84C4 /* smile.png in Resources */ = {isa = PBXBuildFile; fileRef = 5507E6D318C9A362003B84C4 /* smile.png */; };
		5507E6D618C9A362003B84C4 /* smile@2x.png in Resources */ = {isa = PBXBuildFile; fileRef = 5507E6D418C9A362003B84C4 /* smile@2x.png */; };
		5507E6DA18C9A584003B84C4 /* TDModels.m in Sources */ = {isa = PBXBuildFile; fileRef = 5507E6D918C9A584003B84C4 /* TDModels.m */; };
		5507E6DD18C9A5B3003B84C4 /* TDModel.m in Sources */ = {isa = PBXBuildFile; fileRef = 5507E6DC18C9A5B3003B84C4 /* TDModel.m */; };
		552B857418CE47C600D754C3 /* TDImageModel.m in Sources */ = {isa = PBXBuildFile; fileRef = 552B857318CE47C600D754C3 /* TDImageModel.m */; };
		552B857A18CE643200D754C3 /* TDModelImages.m in Sources */ = {isa = PBXBuildFile; fileRef = 552B857918CE643200D754C3 /* TDModelImages.m */; };
		55424DC118CDB7FB009883C9 /* blank.png in Resources */ = {isa = PBXBuildFile; fileRef = 55424DC018CDB7FB009883C9 /* blank.png */; };
		5566E5A418C86248000E4EF0 /* TDViewController.xib in Resources */ = {isa = PBXBuildFile; fileRef = 5566E5A318C86248000E4EF0 /* TDViewController.xib */; };
		5574500418D6F7350034ED13 /* FacebookSDK.framework in Frameworks */ = {isa = PBXBuildFile; fileRef = 5574500318D6F7350034ED13 /* FacebookSDK.framework */; };
		558D9A1A18C713EC006F5CC1 /* Foundation.framework in Frameworks */ = {isa = PBXBuildFile; fileRef = 558D9A1918C713EC006F5CC1 /* Foundation.framework */; };
		558D9A1C18C713EC006F5CC1 /* CoreGraphics.framework in Frameworks */ = {isa = PBXBuildFile; fileRef = 558D9A1B18C713EC006F5CC1 /* CoreGraphics.framework */; };
		558D9A1E18C713EC006F5CC1 /* UIKit.framework in Frameworks */ = {isa = PBXBuildFile; fileRef = 558D9A1D18C713EC006F5CC1 /* UIKit.framework */; };
		558D9A2418C713EC006F5CC1 /* InfoPlist.strings in Resources */ = {isa = PBXBuildFile; fileRef = 558D9A2218C713EC006F5CC1 /* InfoPlist.strings */; };
		558D9A2618C713EC006F5CC1 /* main.m in Sources */ = {isa = PBXBuildFile; fileRef = 558D9A2518C713EC006F5CC1 /* main.m */; };
		558D9A2A18C713EC006F5CC1 /* TDAppDelegate.m in Sources */ = {isa = PBXBuildFile; fileRef = 558D9A2918C713EC006F5CC1 /* TDAppDelegate.m */; };
		558D9A2C18C713EC006F5CC1 /* Images.xcassets in Resources */ = {isa = PBXBuildFile; fileRef = 558D9A2B18C713EC006F5CC1 /* Images.xcassets */; };
		558D9A3318C713EC006F5CC1 /* XCTest.framework in Frameworks */ = {isa = PBXBuildFile; fileRef = 558D9A3218C713EC006F5CC1 /* XCTest.framework */; };
		558D9A3418C713EC006F5CC1 /* Foundation.framework in Frameworks */ = {isa = PBXBuildFile; fileRef = 558D9A1918C713EC006F5CC1 /* Foundation.framework */; };
		558D9A3518C713EC006F5CC1 /* UIKit.framework in Frameworks */ = {isa = PBXBuildFile; fileRef = 558D9A1D18C713EC006F5CC1 /* UIKit.framework */; };
		558D9A3D18C713EC006F5CC1 /* InfoPlist.strings in Resources */ = {isa = PBXBuildFile; fileRef = 558D9A3B18C713EC006F5CC1 /* InfoPlist.strings */; };
		558D9A3F18C713EC006F5CC1 /* TableDataTests.m in Sources */ = {isa = PBXBuildFile; fileRef = 558D9A3E18C713EC006F5CC1 /* TableDataTests.m */; };
		558D9A4B18C71467006F5CC1 /* TDViewController.m in Sources */ = {isa = PBXBuildFile; fileRef = 558D9A4918C71467006F5CC1 /* TDViewController.m */; };
		55AE825C18CCC8C600A44280 /* TDObservableObject.m in Sources */ = {isa = PBXBuildFile; fileRef = 55AE825B18CCC8C600A44280 /* TDObservableObject.m */; };
		55CB88A318D1A00F00421DDB /* TDImageView.m in Sources */ = {isa = PBXBuildFile; fileRef = 55CB88A218D1A00F00421DDB /* TDImageView.m */; };
		55E1B48F18C73A7C00AF1C57 /* TDView.m in Sources */ = {isa = PBXBuildFile; fileRef = 55E1B48E18C73A7C00AF1C57 /* TDView.m */; };
		D7B45C9318CDCB3400191E62 /* TDObervableModel.m in Sources */ = {isa = PBXBuildFile; fileRef = D7B45C9218CDCB3400191E62 /* TDObervableModel.m */; };
		D7B45C9618CDDCAC00191E62 /* TDWeakReference.m in Sources */ = {isa = PBXBuildFile; fileRef = D7B45C9518CDDCAC00191E62 /* TDWeakReference.m */; };
/* End PBXBuildFile section */

/* Begin PBXContainerItemProxy section */
		558D9A3618C713EC006F5CC1 /* PBXContainerItemProxy */ = {
			isa = PBXContainerItemProxy;
			containerPortal = 558D9A0E18C713EC006F5CC1 /* Project object */;
			proxyType = 1;
			remoteGlobalIDString = 558D9A1518C713EC006F5CC1;
			remoteInfo = TableData;
		};
/* End PBXContainerItemProxy section */

/* Begin PBXFileReference section */
		5507E6C018C99EAC003B84C4 /* NSBundle+TDExtensions.h */ = {isa = PBXFileReference; fileEncoding = 4; lastKnownFileType = sourcecode.c.h; path = "NSBundle+TDExtensions.h"; sourceTree = "<group>"; };
		5507E6C118C99EAC003B84C4 /* NSBundle+TDExtensions.m */ = {isa = PBXFileReference; fileEncoding = 4; lastKnownFileType = sourcecode.c.objc; path = "NSBundle+TDExtensions.m"; sourceTree = "<group>"; };
		5507E6C218C99EAC003B84C4 /* NSObject+TDExtensions.h */ = {isa = PBXFileReference; fileEncoding = 4; lastKnownFileType = sourcecode.c.h; path = "NSObject+TDExtensions.h"; sourceTree = "<group>"; };
		5507E6C318C99EAC003B84C4 /* NSObject+TDExtensions.m */ = {isa = PBXFileReference; fileEncoding = 4; lastKnownFileType = sourcecode.c.objc; path = "NSObject+TDExtensions.m"; sourceTree = "<group>"; };
		5507E6C418C99EAC003B84C4 /* NSString+TDExtensions.h */ = {isa = PBXFileReference; fileEncoding = 4; lastKnownFileType = sourcecode.c.h; path = "NSString+TDExtensions.h"; sourceTree = "<group>"; };
		5507E6C518C99EAC003B84C4 /* NSString+TDExtensions.m */ = {isa = PBXFileReference; fileEncoding = 4; lastKnownFileType = sourcecode.c.objc; path = "NSString+TDExtensions.m"; sourceTree = "<group>"; };
		5507E6CA18C99F30003B84C4 /* UITableView+TDExtensions.h */ = {isa = PBXFileReference; fileEncoding = 4; lastKnownFileType = sourcecode.c.h; path = "UITableView+TDExtensions.h"; sourceTree = "<group>"; };
		5507E6CB18C99F30003B84C4 /* UITableView+TDExtensions.m */ = {isa = PBXFileReference; fileEncoding = 4; lastKnownFileType = sourcecode.c.objc; path = "UITableView+TDExtensions.m"; sourceTree = "<group>"; };
		5507E6CE18C9A005003B84C4 /* TDTableCell.h */ = {isa = PBXFileReference; fileEncoding = 4; lastKnownFileType = sourcecode.c.h; path = TDTableCell.h; sourceTree = "<group>"; };
		5507E6CF18C9A005003B84C4 /* TDTableCell.m */ = {isa = PBXFileReference; fileEncoding = 4; lastKnownFileType = sourcecode.c.objc; path = TDTableCell.m; sourceTree = "<group>"; };
		5507E6D118C9A02B003B84C4 /* TDTableCell.xib */ = {isa = PBXFileReference; fileEncoding = 4; lastKnownFileType = file.xib; path = TDTableCell.xib; sourceTree = "<group>"; };
		5507E6D318C9A362003B84C4 /* smile.png */ = {isa = PBXFileReference; lastKnownFileType = image.png; name = smile.png; path = Images/smile.png; sourceTree = "<group>"; };
		5507E6D418C9A362003B84C4 /* smile@2x.png */ = {isa = PBXFileReference; lastKnownFileType = image.png; name = "smile@2x.png"; path = "Images/smile@2x.png"; sourceTree = "<group>"; };
		5507E6D818C9A584003B84C4 /* TDModels.h */ = {isa = PBXFileReference; fileEncoding = 4; lastKnownFileType = sourcecode.c.h; path = TDModels.h; sourceTree = "<group>"; };
		5507E6D918C9A584003B84C4 /* TDModels.m */ = {isa = PBXFileReference; fileEncoding = 4; lastKnownFileType = sourcecode.c.objc; path = TDModels.m; sourceTree = "<group>"; };
		5507E6DB18C9A5B3003B84C4 /* TDModel.h */ = {isa = PBXFileReference; fileEncoding = 4; lastKnownFileType = sourcecode.c.h; path = TDModel.h; sourceTree = "<group>"; };
		5507E6DC18C9A5B3003B84C4 /* TDModel.m */ = {isa = PBXFileReference; fileEncoding = 4; lastKnownFileType = sourcecode.c.objc; path = TDModel.m; sourceTree = "<group>"; };
		552B857218CE47C600D754C3 /* TDImageModel.h */ = {isa = PBXFileReference; fileEncoding = 4; lastKnownFileType = sourcecode.c.h; path = TDImageModel.h; sourceTree = "<group>"; };
		552B857318CE47C600D754C3 /* TDImageModel.m */ = {isa = PBXFileReference; fileEncoding = 4; lastKnownFileType = sourcecode.c.objc; path = TDImageModel.m; sourceTree = "<group>"; };
		552B857818CE643200D754C3 /* TDModelImages.h */ = {isa = PBXFileReference; fileEncoding = 4; lastKnownFileType = sourcecode.c.h; path = TDModelImages.h; sourceTree = "<group>"; };
		552B857918CE643200D754C3 /* TDModelImages.m */ = {isa = PBXFileReference; fileEncoding = 4; lastKnownFileType = sourcecode.c.objc; path = TDModelImages.m; sourceTree = "<group>"; };
		55424DC018CDB7FB009883C9 /* blank.png */ = {isa = PBXFileReference; lastKnownFileType = image.png; name = blank.png; path = Images/blank.png; sourceTree = "<group>"; };
		5566E5A318C86248000E4EF0 /* TDViewController.xib */ = {isa = PBXFileReference; fileEncoding = 4; lastKnownFileType = file.xib; path = TDViewController.xib; sourceTree = "<group>"; };
		5574500318D6F7350034ED13 /* FacebookSDK.framework */ = {isa = PBXFileReference; lastKnownFileType = wrapper.framework; path = FacebookSDK.framework; sourceTree = SOURCE_ROOT; };
		558D9A1618C713EC006F5CC1 /* TableData.app */ = {isa = PBXFileReference; explicitFileType = wrapper.application; includeInIndex = 0; path = TableData.app; sourceTree = BUILT_PRODUCTS_DIR; };
		558D9A1918C713EC006F5CC1 /* Foundation.framework */ = {isa = PBXFileReference; lastKnownFileType = wrapper.framework; name = Foundation.framework; path = System/Library/Frameworks/Foundation.framework; sourceTree = SDKROOT; };
		558D9A1B18C713EC006F5CC1 /* CoreGraphics.framework */ = {isa = PBXFileReference; lastKnownFileType = wrapper.framework; name = CoreGraphics.framework; path = System/Library/Frameworks/CoreGraphics.framework; sourceTree = SDKROOT; };
		558D9A1D18C713EC006F5CC1 /* UIKit.framework */ = {isa = PBXFileReference; lastKnownFileType = wrapper.framework; name = UIKit.framework; path = System/Library/Frameworks/UIKit.framework; sourceTree = SDKROOT; };
		558D9A2118C713EC006F5CC1 /* TableData-Info.plist */ = {isa = PBXFileReference; lastKnownFileType = text.plist.xml; path = "TableData-Info.plist"; sourceTree = "<group>"; };
		558D9A2318C713EC006F5CC1 /* en */ = {isa = PBXFileReference; lastKnownFileType = text.plist.strings; name = en; path = en.lproj/InfoPlist.strings; sourceTree = "<group>"; };
		558D9A2518C713EC006F5CC1 /* main.m */ = {isa = PBXFileReference; lastKnownFileType = sourcecode.c.objc; path = main.m; sourceTree = "<group>"; };
		558D9A2718C713EC006F5CC1 /* TableData-Prefix.pch */ = {isa = PBXFileReference; lastKnownFileType = sourcecode.c.h; path = "TableData-Prefix.pch"; sourceTree = "<group>"; };
		558D9A2818C713EC006F5CC1 /* TDAppDelegate.h */ = {isa = PBXFileReference; lastKnownFileType = sourcecode.c.h; path = TDAppDelegate.h; sourceTree = "<group>"; };
		558D9A2918C713EC006F5CC1 /* TDAppDelegate.m */ = {isa = PBXFileReference; lastKnownFileType = sourcecode.c.objc; path = TDAppDelegate.m; sourceTree = "<group>"; };
		558D9A2B18C713EC006F5CC1 /* Images.xcassets */ = {isa = PBXFileReference; lastKnownFileType = folder.assetcatalog; path = Images.xcassets; sourceTree = "<group>"; };
		558D9A3118C713EC006F5CC1 /* TableDataTests.xctest */ = {isa = PBXFileReference; explicitFileType = wrapper.cfbundle; includeInIndex = 0; path = TableDataTests.xctest; sourceTree = BUILT_PRODUCTS_DIR; };
		558D9A3218C713EC006F5CC1 /* XCTest.framework */ = {isa = PBXFileReference; lastKnownFileType = wrapper.framework; name = XCTest.framework; path = Library/Frameworks/XCTest.framework; sourceTree = DEVELOPER_DIR; };
		558D9A3A18C713EC006F5CC1 /* TableDataTests-Info.plist */ = {isa = PBXFileReference; lastKnownFileType = text.plist.xml; path = "TableDataTests-Info.plist"; sourceTree = "<group>"; };
		558D9A3C18C713EC006F5CC1 /* en */ = {isa = PBXFileReference; lastKnownFileType = text.plist.strings; name = en; path = en.lproj/InfoPlist.strings; sourceTree = "<group>"; };
		558D9A3E18C713EC006F5CC1 /* TableDataTests.m */ = {isa = PBXFileReference; lastKnownFileType = sourcecode.c.objc; path = TableDataTests.m; sourceTree = "<group>"; };
		558D9A4818C71467006F5CC1 /* TDViewController.h */ = {isa = PBXFileReference; fileEncoding = 4; lastKnownFileType = sourcecode.c.h; path = TDViewController.h; sourceTree = "<group>"; };
		558D9A4918C71467006F5CC1 /* TDViewController.m */ = {isa = PBXFileReference; fileEncoding = 4; lastKnownFileType = sourcecode.c.objc; path = TDViewController.m; sourceTree = "<group>"; };
		55AE825A18CCC8C600A44280 /* TDObservableObject.h */ = {isa = PBXFileReference; fileEncoding = 4; lastKnownFileType = sourcecode.c.h; path = TDObservableObject.h; sourceTree = "<group>"; };
		55AE825B18CCC8C600A44280 /* TDObservableObject.m */ = {isa = PBXFileReference; fileEncoding = 4; lastKnownFileType = sourcecode.c.objc; path = TDObservableObject.m; sourceTree = "<group>"; };
		55AE825D18CCCE5600A44280 /* TDModelObserver.h */ = {isa = PBXFileReference; lastKnownFileType = sourcecode.c.h; path = TDModelObserver.h; sourceTree = "<group>"; };
		55CB88A118D1A00F00421DDB /* TDImageView.h */ = {isa = PBXFileReference; fileEncoding = 4; lastKnownFileType = sourcecode.c.h; path = TDImageView.h; sourceTree = "<group>"; };
		55CB88A218D1A00F00421DDB /* TDImageView.m */ = {isa = PBXFileReference; fileEncoding = 4; lastKnownFileType = sourcecode.c.objc; path = TDImageView.m; sourceTree = "<group>"; };
		55E1B48D18C73A7C00AF1C57 /* TDView.h */ = {isa = PBXFileReference; fileEncoding = 4; lastKnownFileType = sourcecode.c.h; path = TDView.h; sourceTree = "<group>"; };
		55E1B48E18C73A7C00AF1C57 /* TDView.m */ = {isa = PBXFileReference; fileEncoding = 4; lastKnownFileType = sourcecode.c.objc; path = TDView.m; sourceTree = "<group>"; };
		D7B45C9118CDCB3400191E62 /* TDObervableModel.h */ = {isa = PBXFileReference; fileEncoding = 4; lastKnownFileType = sourcecode.c.h; path = TDObervableModel.h; sourceTree = "<group>"; };
		D7B45C9218CDCB3400191E62 /* TDObervableModel.m */ = {isa = PBXFileReference; fileEncoding = 4; lastKnownFileType = sourcecode.c.objc; path = TDObervableModel.m; sourceTree = "<group>"; };
		D7B45C9418CDDCAC00191E62 /* TDWeakReference.h */ = {isa = PBXFileReference; fileEncoding = 4; lastKnownFileType = sourcecode.c.h; path = TDWeakReference.h; sourceTree = "<group>"; };
		D7B45C9518CDDCAC00191E62 /* TDWeakReference.m */ = {isa = PBXFileReference; fileEncoding = 4; lastKnownFileType = sourcecode.c.objc; path = TDWeakReference.m; sourceTree = "<group>"; };
/* End PBXFileReference section */

/* Begin PBXFrameworksBuildPhase section */
		558D9A1318C713EC006F5CC1 /* Frameworks */ = {
			isa = PBXFrameworksBuildPhase;
			buildActionMask = 2147483647;
			files = (
				558D9A1C18C713EC006F5CC1 /* CoreGraphics.framework in Frameworks */,
				5574500418D6F7350034ED13 /* FacebookSDK.framework in Frameworks */,
				558D9A1E18C713EC006F5CC1 /* UIKit.framework in Frameworks */,
				558D9A1A18C713EC006F5CC1 /* Foundation.framework in Frameworks */,
			);
			runOnlyForDeploymentPostprocessing = 0;
		};
		558D9A2E18C713EC006F5CC1 /* Frameworks */ = {
			isa = PBXFrameworksBuildPhase;
			buildActionMask = 2147483647;
			files = (
				558D9A3318C713EC006F5CC1 /* XCTest.framework in Frameworks */,
				558D9A3518C713EC006F5CC1 /* UIKit.framework in Frameworks */,
				558D9A3418C713EC006F5CC1 /* Foundation.framework in Frameworks */,
			);
			runOnlyForDeploymentPostprocessing = 0;
		};
/* End PBXFrameworksBuildPhase section */

/* Begin PBXGroup section */
		5507E6C918C99EBF003B84C4 /* Categories */ = {
			isa = PBXGroup;
			children = (
				5507E6C218C99EAC003B84C4 /* NSObject+TDExtensions.h */,
				5507E6C318C99EAC003B84C4 /* NSObject+TDExtensions.m */,
				5507E6C418C99EAC003B84C4 /* NSString+TDExtensions.h */,
				5507E6C518C99EAC003B84C4 /* NSString+TDExtensions.m */,
				5507E6C018C99EAC003B84C4 /* NSBundle+TDExtensions.h */,
				5507E6C118C99EAC003B84C4 /* NSBundle+TDExtensions.m */,
				5507E6CA18C99F30003B84C4 /* UITableView+TDExtensions.h */,
				5507E6CB18C99F30003B84C4 /* UITableView+TDExtensions.m */,
			);
			path = Categories;
			sourceTree = "<group>";
		};
		5507E6D718C9A370003B84C4 /* Images */ = {
			isa = PBXGroup;
			children = (
				55424DC018CDB7FB009883C9 /* blank.png */,
				5507E6D318C9A362003B84C4 /* smile.png */,
				5507E6D418C9A362003B84C4 /* smile@2x.png */,
			);
			name = Images;
			sourceTree = "<group>";
		};
		5507E6DE18C9A5BE003B84C4 /* Models */ = {
			isa = PBXGroup;
			children = (
				D7B45C9418CDDCAC00191E62 /* TDWeakReference.h */,
				D7B45C9518CDDCAC00191E62 /* TDWeakReference.m */,
				55AE825A18CCC8C600A44280 /* TDObservableObject.h */,
				55AE825B18CCC8C600A44280 /* TDObservableObject.m */,
				55AE825D18CCCE5600A44280 /* TDModelObserver.h */,
				D7B45C9118CDCB3400191E62 /* TDObervableModel.h */,
				D7B45C9218CDCB3400191E62 /* TDObervableModel.m */,
				5507E6D818C9A584003B84C4 /* TDModels.h */,
				5507E6D918C9A584003B84C4 /* TDModels.m */,
				5507E6DB18C9A5B3003B84C4 /* TDModel.h */,
				5507E6DC18C9A5B3003B84C4 /* TDModel.m */,
				552B857218CE47C600D754C3 /* TDImageModel.h */,
				552B857318CE47C600D754C3 /* TDImageModel.m */,
				552B857818CE643200D754C3 /* TDModelImages.h */,
				552B857918CE643200D754C3 /* TDModelImages.m */,
			);
			path = Models;
			sourceTree = "<group>";
		};
		55424DC218CDBBE8009883C9 /* Controller */ = {
			isa = PBXGroup;
			children = (
				558D9A4818C71467006F5CC1 /* TDViewController.h */,
				558D9A4918C71467006F5CC1 /* TDViewController.m */,
				5566E5A318C86248000E4EF0 /* TDViewController.xib */,
				55E1B48D18C73A7C00AF1C57 /* TDView.h */,
				55E1B48E18C73A7C00AF1C57 /* TDView.m */,
				5507E6CE18C9A005003B84C4 /* TDTableCell.h */,
				5507E6CF18C9A005003B84C4 /* TDTableCell.m */,
				5507E6D118C9A02B003B84C4 /* TDTableCell.xib */,
				55CB88A118D1A00F00421DDB /* TDImageView.h */,
				55CB88A218D1A00F00421DDB /* TDImageView.m */,
			);
			path = Controller;
			sourceTree = "<group>";
		};
		558D9A0D18C713EC006F5CC1 = {
			isa = PBXGroup;
			children = (
				558D9A1F18C713EC006F5CC1 /* TableData */,
				558D9A3818C713EC006F5CC1 /* TableDataTests */,
				558D9A1818C713EC006F5CC1 /* Frameworks */,
				558D9A1718C713EC006F5CC1 /* Products */,
			);
			sourceTree = "<group>";
		};
		558D9A1718C713EC006F5CC1 /* Products */ = {
			isa = PBXGroup;
			children = (
				558D9A1618C713EC006F5CC1 /* TableData.app */,
				558D9A3118C713EC006F5CC1 /* TableDataTests.xctest */,
			);
			name = Products;
			sourceTree = "<group>";
		};
		558D9A1818C713EC006F5CC1 /* Frameworks */ = {
			isa = PBXGroup;
			children = (
				5574500318D6F7350034ED13 /* FacebookSDK.framework */,
				558D9A1918C713EC006F5CC1 /* Foundation.framework */,
				558D9A1B18C713EC006F5CC1 /* CoreGraphics.framework */,
				558D9A1D18C713EC006F5CC1 /* UIKit.framework */,
				558D9A3218C713EC006F5CC1 /* XCTest.framework */,
			);
			name = Frameworks;
			sourceTree = "<group>";
		};
		558D9A1F18C713EC006F5CC1 /* TableData */ = {
			isa = PBXGroup;
			children = (
				558D9A2818C713EC006F5CC1 /* TDAppDelegate.h */,
				558D9A2918C713EC006F5CC1 /* TDAppDelegate.m */,
				558D9A2B18C713EC006F5CC1 /* Images.xcassets */,
				55424DC218CDBBE8009883C9 /* Controller */,
				5507E6DE18C9A5BE003B84C4 /* Models */,
				5507E6C918C99EBF003B84C4 /* Categories */,
				5507E6D718C9A370003B84C4 /* Images */,
				558D9A2018C713EC006F5CC1 /* Supporting Files */,
			);
			path = TableData;
			sourceTree = "<group>";
		};
		558D9A2018C713EC006F5CC1 /* Supporting Files */ = {
			isa = PBXGroup;
			children = (
				558D9A2118C713EC006F5CC1 /* TableData-Info.plist */,
				558D9A2218C713EC006F5CC1 /* InfoPlist.strings */,
				558D9A2518C713EC006F5CC1 /* main.m */,
				558D9A2718C713EC006F5CC1 /* TableData-Prefix.pch */,
			);
			name = "Supporting Files";
			sourceTree = "<group>";
		};
		558D9A3818C713EC006F5CC1 /* TableDataTests */ = {
			isa = PBXGroup;
			children = (
				558D9A3E18C713EC006F5CC1 /* TableDataTests.m */,
				558D9A3918C713EC006F5CC1 /* Supporting Files */,
			);
			path = TableDataTests;
			sourceTree = "<group>";
		};
		558D9A3918C713EC006F5CC1 /* Supporting Files */ = {
			isa = PBXGroup;
			children = (
				558D9A3A18C713EC006F5CC1 /* TableDataTests-Info.plist */,
				558D9A3B18C713EC006F5CC1 /* InfoPlist.strings */,
			);
			name = "Supporting Files";
			sourceTree = "<group>";
		};
/* End PBXGroup section */

/* Begin PBXNativeTarget section */
		558D9A1518C713EC006F5CC1 /* TableData */ = {
			isa = PBXNativeTarget;
			buildConfigurationList = 558D9A4218C713EC006F5CC1 /* Build configuration list for PBXNativeTarget "TableData" */;
			buildPhases = (
				558D9A1218C713EC006F5CC1 /* Sources */,
				558D9A1318C713EC006F5CC1 /* Frameworks */,
				558D9A1418C713EC006F5CC1 /* Resources */,
			);
			buildRules = (
			);
			dependencies = (
			);
			name = TableData;
			productName = TableData;
			productReference = 558D9A1618C713EC006F5CC1 /* TableData.app */;
			productType = "com.apple.product-type.application";
		};
		558D9A3018C713EC006F5CC1 /* TableDataTests */ = {
			isa = PBXNativeTarget;
			buildConfigurationList = 558D9A4518C713EC006F5CC1 /* Build configuration list for PBXNativeTarget "TableDataTests" */;
			buildPhases = (
				558D9A2D18C713EC006F5CC1 /* Sources */,
				558D9A2E18C713EC006F5CC1 /* Frameworks */,
				558D9A2F18C713EC006F5CC1 /* Resources */,
			);
			buildRules = (
			);
			dependencies = (
				558D9A3718C713EC006F5CC1 /* PBXTargetDependency */,
			);
			name = TableDataTests;
			productName = TableDataTests;
			productReference = 558D9A3118C713EC006F5CC1 /* TableDataTests.xctest */;
			productType = "com.apple.product-type.bundle.unit-test";
		};
/* End PBXNativeTarget section */

/* Begin PBXProject section */
		558D9A0E18C713EC006F5CC1 /* Project object */ = {
			isa = PBXProject;
			attributes = {
				CLASSPREFIX = TD;
				LastUpgradeCheck = 0510;
				ORGANIZATIONNAME = "Vitaliy Voronok";
				TargetAttributes = {
					558D9A3018C713EC006F5CC1 = {
						TestTargetID = 558D9A1518C713EC006F5CC1;
					};
				};
			};
			buildConfigurationList = 558D9A1118C713EC006F5CC1 /* Build configuration list for PBXProject "TableData" */;
			compatibilityVersion = "Xcode 3.2";
			developmentRegion = English;
			hasScannedForEncodings = 0;
			knownRegions = (
				en,
			);
			mainGroup = 558D9A0D18C713EC006F5CC1;
			productRefGroup = 558D9A1718C713EC006F5CC1 /* Products */;
			projectDirPath = "";
			projectRoot = "";
			targets = (
				558D9A1518C713EC006F5CC1 /* TableData */,
				558D9A3018C713EC006F5CC1 /* TableDataTests */,
			);
		};
/* End PBXProject section */

/* Begin PBXResourcesBuildPhase section */
		558D9A1418C713EC006F5CC1 /* Resources */ = {
			isa = PBXResourcesBuildPhase;
			buildActionMask = 2147483647;
			files = (
				5507E6D218C9A02B003B84C4 /* TDTableCell.xib in Resources */,
				558D9A2418C713EC006F5CC1 /* InfoPlist.strings in Resources */,
				5507E6D518C9A362003B84C4 /* smile.png in Resources */,
				5507E6D618C9A362003B84C4 /* smile@2x.png in Resources */,
				5566E5A418C86248000E4EF0 /* TDViewController.xib in Resources */,
				55424DC118CDB7FB009883C9 /* blank.png in Resources */,
				558D9A2C18C713EC006F5CC1 /* Images.xcassets in Resources */,
			);
			runOnlyForDeploymentPostprocessing = 0;
		};
		558D9A2F18C713EC006F5CC1 /* Resources */ = {
			isa = PBXResourcesBuildPhase;
			buildActionMask = 2147483647;
			files = (
				558D9A3D18C713EC006F5CC1 /* InfoPlist.strings in Resources */,
			);
			runOnlyForDeploymentPostprocessing = 0;
		};
/* End PBXResourcesBuildPhase section */

/* Begin PBXSourcesBuildPhase section */
		558D9A1218C713EC006F5CC1 /* Sources */ = {
			isa = PBXSourcesBuildPhase;
			buildActionMask = 2147483647;
			files = (
				5507E6C618C99EAC003B84C4 /* NSBundle+TDExtensions.m in Sources */,
				558D9A4B18C71467006F5CC1 /* TDViewController.m in Sources */,
				5507E6DD18C9A5B3003B84C4 /* TDModel.m in Sources */,
				558D9A2A18C713EC006F5CC1 /* TDAppDelegate.m in Sources */,
				5507E6D018C9A005003B84C4 /* TDTableCell.m in Sources */,
				55CB88A318D1A00F00421DDB /* TDImageView.m in Sources */,
				552B857418CE47C600D754C3 /* TDImageModel.m in Sources */,
				D7B45C9618CDDCAC00191E62 /* TDWeakReference.m in Sources */,
				5507E6C818C99EAC003B84C4 /* NSString+TDExtensions.m in Sources */,
				5507E6C718C99EAC003B84C4 /* NSObject+TDExtensions.m in Sources */,
				5507E6CC18C99F30003B84C4 /* UITableView+TDExtensions.m in Sources */,
				55E1B48F18C73A7C00AF1C57 /* TDView.m in Sources */,
				558D9A2618C713EC006F5CC1 /* main.m in Sources */,
				552B857A18CE643200D754C3 /* TDModelImages.m in Sources */,
				5507E6DA18C9A584003B84C4 /* TDModels.m in Sources */,
				D7B45C9318CDCB3400191E62 /* TDObervableModel.m in Sources */,
				55AE825C18CCC8C600A44280 /* TDObservableObject.m in Sources */,
			);
			runOnlyForDeploymentPostprocessing = 0;
		};
		558D9A2D18C713EC006F5CC1 /* Sources */ = {
			isa = PBXSourcesBuildPhase;
			buildActionMask = 2147483647;
			files = (
				558D9A3F18C713EC006F5CC1 /* TableDataTests.m in Sources */,
			);
			runOnlyForDeploymentPostprocessing = 0;
		};
/* End PBXSourcesBuildPhase section */

/* Begin PBXTargetDependency section */
		558D9A3718C713EC006F5CC1 /* PBXTargetDependency */ = {
			isa = PBXTargetDependency;
			target = 558D9A1518C713EC006F5CC1 /* TableData */;
			targetProxy = 558D9A3618C713EC006F5CC1 /* PBXContainerItemProxy */;
		};
/* End PBXTargetDependency section */

/* Begin PBXVariantGroup section */
		558D9A2218C713EC006F5CC1 /* InfoPlist.strings */ = {
			isa = PBXVariantGroup;
			children = (
				558D9A2318C713EC006F5CC1 /* en */,
			);
			name = InfoPlist.strings;
			sourceTree = "<group>";
		};
		558D9A3B18C713EC006F5CC1 /* InfoPlist.strings */ = {
			isa = PBXVariantGroup;
			children = (
				558D9A3C18C713EC006F5CC1 /* en */,
			);
			name = InfoPlist.strings;
			sourceTree = "<group>";
		};
/* End PBXVariantGroup section */

/* Begin XCBuildConfiguration section */
		558D9A4018C713EC006F5CC1 /* Debug */ = {
			isa = XCBuildConfiguration;
			buildSettings = {
				ALWAYS_SEARCH_USER_PATHS = NO;
				CLANG_CXX_LANGUAGE_STANDARD = "gnu++0x";
				CLANG_CXX_LIBRARY = "libc++";
				CLANG_ENABLE_MODULES = YES;
				CLANG_ENABLE_OBJC_ARC = NO;
				CLANG_WARN_BOOL_CONVERSION = YES;
				CLANG_WARN_CONSTANT_CONVERSION = YES;
				CLANG_WARN_DIRECT_OBJC_ISA_USAGE = YES_ERROR;
				CLANG_WARN_EMPTY_BODY = YES;
				CLANG_WARN_ENUM_CONVERSION = YES;
				CLANG_WARN_INT_CONVERSION = YES;
				CLANG_WARN_OBJC_ROOT_CLASS = YES_ERROR;
				CLANG_WARN__DUPLICATE_METHOD_MATCH = YES;
				"CODE_SIGN_IDENTITY[sdk=iphoneos*]" = "iPhone Developer";
				COPY_PHASE_STRIP = NO;
				GCC_C_LANGUAGE_STANDARD = gnu99;
				GCC_DYNAMIC_NO_PIC = NO;
				GCC_OPTIMIZATION_LEVEL = 0;
				GCC_PREPROCESSOR_DEFINITIONS = (
					"DEBUG=1",
					"$(inherited)",
				);
				GCC_SYMBOLS_PRIVATE_EXTERN = NO;
				GCC_WARN_64_TO_32_BIT_CONVERSION = YES;
				GCC_WARN_ABOUT_RETURN_TYPE = YES_ERROR;
				GCC_WARN_UNDECLARED_SELECTOR = YES;
				GCC_WARN_UNINITIALIZED_AUTOS = YES;
				GCC_WARN_UNUSED_FUNCTION = YES;
				GCC_WARN_UNUSED_VARIABLE = YES;
				IPHONEOS_DEPLOYMENT_TARGET = 7.0;
				ONLY_ACTIVE_ARCH = YES;
				SDKROOT = iphoneos;
			};
			name = Debug;
		};
		558D9A4118C713EC006F5CC1 /* Release */ = {
			isa = XCBuildConfiguration;
			buildSettings = {
				ALWAYS_SEARCH_USER_PATHS = NO;
				CLANG_CXX_LANGUAGE_STANDARD = "gnu++0x";
				CLANG_CXX_LIBRARY = "libc++";
				CLANG_ENABLE_MODULES = YES;
				CLANG_ENABLE_OBJC_ARC = NO;
				CLANG_WARN_BOOL_CONVERSION = YES;
				CLANG_WARN_CONSTANT_CONVERSION = YES;
				CLANG_WARN_DIRECT_OBJC_ISA_USAGE = YES_ERROR;
				CLANG_WARN_EMPTY_BODY = YES;
				CLANG_WARN_ENUM_CONVERSION = YES;
				CLANG_WARN_INT_CONVERSION = YES;
				CLANG_WARN_OBJC_ROOT_CLASS = YES_ERROR;
				CLANG_WARN__DUPLICATE_METHOD_MATCH = YES;
				"CODE_SIGN_IDENTITY[sdk=iphoneos*]" = "iPhone Developer";
				COPY_PHASE_STRIP = YES;
				ENABLE_NS_ASSERTIONS = NO;
				GCC_C_LANGUAGE_STANDARD = gnu99;
				GCC_WARN_64_TO_32_BIT_CONVERSION = YES;
				GCC_WARN_ABOUT_RETURN_TYPE = YES_ERROR;
				GCC_WARN_UNDECLARED_SELECTOR = YES;
				GCC_WARN_UNINITIALIZED_AUTOS = YES;
				GCC_WARN_UNUSED_FUNCTION = YES;
				GCC_WARN_UNUSED_VARIABLE = YES;
				IPHONEOS_DEPLOYMENT_TARGET = 7.0;
				SDKROOT = iphoneos;
				VALIDATE_PRODUCT = YES;
			};
			name = Release;
		};
		558D9A4318C713EC006F5CC1 /* Debug */ = {
			isa = XCBuildConfiguration;
			buildSettings = {
				ASSETCATALOG_COMPILER_APPICON_NAME = AppIcon;
				ASSETCATALOG_COMPILER_LAUNCHIMAGE_NAME = LaunchImage;
				FRAMEWORK_SEARCH_PATHS = (
					"$(inherited)",
					/Users/Kneo82/Desktop/TableData,
				);
				GCC_PRECOMPILE_PREFIX_HEADER = YES;
				GCC_PREFIX_HEADER = "TableData/TableData-Prefix.pch";
				INFOPLIST_FILE = "TableData/TableData-Info.plist";
				PRODUCT_NAME = "$(TARGET_NAME)";
				WRAPPER_EXTENSION = app;
			};
			name = Debug;
		};
		558D9A4418C713EC006F5CC1 /* Release */ = {
			isa = XCBuildConfiguration;
			buildSettings = {
				ASSETCATALOG_COMPILER_APPICON_NAME = AppIcon;
				ASSETCATALOG_COMPILER_LAUNCHIMAGE_NAME = LaunchImage;
				FRAMEWORK_SEARCH_PATHS = (
					"$(inherited)",
					/Users/Kneo82/Desktop/TableData,
				);
				GCC_PRECOMPILE_PREFIX_HEADER = YES;
				GCC_PREFIX_HEADER = "TableData/TableData-Prefix.pch";
				INFOPLIST_FILE = "TableData/TableData-Info.plist";
				PRODUCT_NAME = "$(TARGET_NAME)";
				WRAPPER_EXTENSION = app;
			};
			name = Release;
		};
		558D9A4618C713EC006F5CC1 /* Debug */ = {
			isa = XCBuildConfiguration;
			buildSettings = {
				BUNDLE_LOADER = "$(BUILT_PRODUCTS_DIR)/TableData.app/TableData";
				FRAMEWORK_SEARCH_PATHS = (
					"$(SDKROOT)/Developer/Library/Frameworks",
					"$(inherited)",
					"$(DEVELOPER_FRAMEWORKS_DIR)",
				);
				GCC_PRECOMPILE_PREFIX_HEADER = YES;
				GCC_PREFIX_HEADER = "TableData/TableData-Prefix.pch";
				GCC_PREPROCESSOR_DEFINITIONS = (
					"DEBUG=1",
					"$(inherited)",
				);
				INFOPLIST_FILE = "TableDataTests/TableDataTests-Info.plist";
				PRODUCT_NAME = "$(TARGET_NAME)";
				TEST_HOST = "$(BUNDLE_LOADER)";
				WRAPPER_EXTENSION = xctest;
			};
			name = Debug;
		};
		558D9A4718C713EC006F5CC1 /* Release */ = {
			isa = XCBuildConfiguration;
			buildSettings = {
				BUNDLE_LOADER = "$(BUILT_PRODUCTS_DIR)/TableData.app/TableData";
				FRAMEWORK_SEARCH_PATHS = (
					"$(SDKROOT)/Developer/Library/Frameworks",
					"$(inherited)",
					"$(DEVELOPER_FRAMEWORKS_DIR)",
				);
				GCC_PRECOMPILE_PREFIX_HEADER = YES;
				GCC_PREFIX_HEADER = "TableData/TableData-Prefix.pch";
				INFOPLIST_FILE = "TableDataTests/TableDataTests-Info.plist";
				PRODUCT_NAME = "$(TARGET_NAME)";
				TEST_HOST = "$(BUNDLE_LOADER)";
				WRAPPER_EXTENSION = xctest;
			};
			name = Release;
		};
/* End XCBuildConfiguration section */

/* Begin XCConfigurationList section */
		558D9A1118C713EC006F5CC1 /* Build configuration list for PBXProject "TableData" */ = {
			isa = XCConfigurationList;
			buildConfigurations = (
				558D9A4018C713EC006F5CC1 /* Debug */,
				558D9A4118C713EC006F5CC1 /* Release */,
			);
			defaultConfigurationIsVisible = 0;
			defaultConfigurationName = Release;
		};
		558D9A4218C713EC006F5CC1 /* Build configuration list for PBXNativeTarget "TableData" */ = {
			isa = XCConfigurationList;
			buildConfigurations = (
				558D9A4318C713EC006F5CC1 /* Debug */,
				558D9A4418C713EC006F5CC1 /* Release */,
			);
			defaultConfigurationIsVisible = 0;
			defaultConfigurationName = Release;
		};
		558D9A4518C713EC006F5CC1 /* Build configuration list for PBXNativeTarget "TableDataTests" */ = {
			isa = XCConfigurationList;
			buildConfigurations = (
				558D9A4618C713EC006F5CC1 /* Debug */,
				558D9A4718C713EC006F5CC1 /* Release */,
			);
			defaultConfigurationIsVisible = 0;
			defaultConfigurationName = Release;
		};
/* End XCConfigurationList section */
	};
	rootObject = 558D9A0E18C713EC006F5CC1 /* Project object */;
}
